
Microsoft Visual Studio Solution File, Format Version 12.00
# Visual Studio Version 17
VisualStudioVersion = 17.10.34607.79
MinimumVisualStudioVersion = 10.0.40219.1
Project("{2150E333-8FDC-42A3-9474-1A3956D46DE8}") = "07. Encapsulamiento", "07. Encapsulamiento", "{5DC5BFEC-479B-4258-8ED9-0E2C093604E9}"
EndProject
Project("{2150E333-8FDC-42A3-9474-1A3956D46DE8}") = "07. Enum", "07. Enum", "{485FC7F5-D2A7-40B9-97E9-742D9CDAAE54}"
EndProject
Project("{9A19103F-16F7-4668-BE54-9A1E7A4F7556}") = "07.2.01 Library", "07. Enum\07.2.01 Library\07.2.01 Library.csproj", "{21CDFC98-FB51-42D9-AEC0-6C8E25B21DE9}"
EndProject
Project("{9A19103F-16F7-4668-BE54-9A1E7A4F7556}") = "07.2.01 View", "07. Enum\07.2.01 View\07.2.01 View.csproj", "{C544B375-8C5F-420F-81C8-B1B8E3BB850C}"
EndProject
Project("{2150E333-8FDC-42A3-9474-1A3956D46DE8}") = "08. Herencia", "08. Herencia", "{61CC9CDF-9769-4591-8DF1-830B3BC681A9}"
EndProject
Project("{2150E333-8FDC-42A3-9474-1A3956D46DE8}") = "09. Polimorfismo Basado en Herencia", "09. Polimorfismo Basado en Herencia", "{36634162-BDC4-40C0-9F2D-3759205A3E74}"
EndProject
Project("{FAE04EC0-301F-11D3-BF4B-00C04F79EFBC}") = "07.1.01 Library", "07. Encapsulamiento\07.1.01 Library\07.1.01 Library.csproj", "{CF4129E4-1449-4FEB-ABF2-453C4BEE3C3B}"
EndProject
Project("{FAE04EC0-301F-11D3-BF4B-00C04F79EFBC}") = "07.1.01 View", "07. Encapsulamiento\07.1.01 View\07.1.01 View.csproj", "{3863C156-34D0-4C79-BB2D-EE73B71C4D80}"
EndProject
Project("{FAE04EC0-301F-11D3-BF4B-00C04F79EFBC}") = "Library Example 07.0.01", "07. Encapsulamiento\Library Example 07.0.01\Library Example 07.0.01.csproj", "{0DE5FE42-8CF4-492E-B245-B91EA915965D}"
EndProject
Project("{FAE04EC0-301F-11D3-BF4B-00C04F79EFBC}") = "View Example 07.0.01", "07. Encapsulamiento\View Example 07.0.01\View Example 07.0.01.csproj", "{6E8F1F5E-C3CF-4DEC-97FC-718BDD730814}"
EndProject
Project("{FAE04EC0-301F-11D3-BF4B-00C04F79EFBC}") = "08.1.01 Library", "08. Herencia\08.1.01 Library\08.1.01 Library.csproj", "{C6498712-3063-43B7-9C7E-21404DD414E6}"
EndProject
Project("{FAE04EC0-301F-11D3-BF4B-00C04F79EFBC}") = "08.1.01 View", "08. Herencia\08.1.01 View\08.1.01 View.csproj", "{BC6C6D4D-FB39-42B7-9C66-429A1DE115CC}"
EndProject
Project("{FAE04EC0-301F-11D3-BF4B-00C04F79EFBC}") = "08.1.03 Library", "08. Herencia\08.1.03 Library\08.1.03 Library.csproj", "{DC294C5B-7EF6-4D6C-A34B-C21757DDE0F6}"
EndProject
Project("{FAE04EC0-301F-11D3-BF4B-00C04F79EFBC}") = "08.1.03 View", "08. Herencia\08.1.03 View\08.1.03 View.csproj", "{F247E22B-0AC8-400D-9386-DE863F525BF0}"
EndProject
Project("{FAE04EC0-301F-11D3-BF4B-00C04F79EFBC}") = "08.1.04 Library", "08. Herencia\08.1.04 Library\08.1.04 Library.csproj", "{51E89949-712C-41C7-B03A-C8FFAA799CC3}"
EndProject
Project("{FAE04EC0-301F-11D3-BF4B-00C04F79EFBC}") = "08.1.04 View", "08. Herencia\08.1.04 View\08.1.04 View.csproj", "{BA6D5123-87C4-4CFE-9F08-1E8A0953AEAE}"
EndProject
Project("{FAE04EC0-301F-11D3-BF4B-00C04F79EFBC}") = "Library Example 08.0.01", "08. Herencia\Library Example 08.0.01\Library Example 08.0.01.csproj", "{05E7C947-41B0-4479-A908-C9A631E041C1}"
EndProject
Project("{FAE04EC0-301F-11D3-BF4B-00C04F79EFBC}") = "Library Example 08.0.02", "08. Herencia\Library Example 08.0.02\Library Example 08.0.02.csproj", "{21003161-71EF-404B-98F6-7C974AEB7368}"
EndProject
Project("{FAE04EC0-301F-11D3-BF4B-00C04F79EFBC}") = "View Example 08.0.01", "08. Herencia\View Example 08.0.01\View Example 08.0.01.csproj", "{2339FA82-042D-423C-B9B2-7506523530C9}"
EndProject
Project("{FAE04EC0-301F-11D3-BF4B-00C04F79EFBC}") = "View Example 08.0.02", "08. Herencia\View Example 08.0.02\View Example 08.0.02.csproj", "{38CACA49-07A4-410D-AC49-2430D6E35431}"
EndProject
Project("{FAE04EC0-301F-11D3-BF4B-00C04F79EFBC}") = "09.1.01 View", "09. Polimorfismo basado en Herencia\09.1.01 View\09.1.01 View.csproj", "{0469272C-69F0-440D-8F3A-9AAE962C30D5}"
EndProject
Project("{FAE04EC0-301F-11D3-BF4B-00C04F79EFBC}") = "09.1.02 Library", "09. Polimorfismo basado en Herencia\09.1.02 Library\09.1.02 Library.csproj", "{2FA7B805-8B48-47D3-A843-AF905423F27B}"
EndProject
Project("{FAE04EC0-301F-11D3-BF4B-00C04F79EFBC}") = "09.1.02 View", "09. Polimorfismo basado en Herencia\09.1.02 View\09.1.02 View.csproj", "{279EF17C-243F-47F0-969F-65DB998A0C4C}"
EndProject
Project("{FAE04EC0-301F-11D3-BF4B-00C04F79EFBC}") = "View Example 09.0.01", "09. Polimorfismo basado en Herencia\View Example 09.0.01\View Example 09.0.01.csproj", "{B1BE7AE6-E150-4E71-BD8A-97DF9559CC4D}"
EndProject
Project("{FAE04EC0-301F-11D3-BF4B-00C04F79EFBC}") = "View Example 09.0.02", "09. Polimorfismo basado en Herencia\View Example 09.0.02\View Example 09.0.02.csproj", "{B982C6A1-FD2A-4A86-82A0-E8CD02CE9EFF}"
EndProject
Global
	GlobalSection(SolutionConfigurationPlatforms) = preSolution
		Debug|Any CPU = Debug|Any CPU
		Release|Any CPU = Release|Any CPU
	EndGlobalSection
	GlobalSection(ProjectConfigurationPlatforms) = postSolution
		{21CDFC98-FB51-42D9-AEC0-6C8E25B21DE9}.Debug|Any CPU.ActiveCfg = Debug|Any CPU
		{21CDFC98-FB51-42D9-AEC0-6C8E25B21DE9}.Debug|Any CPU.Build.0 = Debug|Any CPU
		{21CDFC98-FB51-42D9-AEC0-6C8E25B21DE9}.Release|Any CPU.ActiveCfg = Release|Any CPU
		{21CDFC98-FB51-42D9-AEC0-6C8E25B21DE9}.Release|Any CPU.Build.0 = Release|Any CPU
		{C544B375-8C5F-420F-81C8-B1B8E3BB850C}.Debug|Any CPU.ActiveCfg = Debug|Any CPU
		{C544B375-8C5F-420F-81C8-B1B8E3BB850C}.Debug|Any CPU.Build.0 = Debug|Any CPU
		{C544B375-8C5F-420F-81C8-B1B8E3BB850C}.Release|Any CPU.ActiveCfg = Release|Any CPU
		{C544B375-8C5F-420F-81C8-B1B8E3BB850C}.Release|Any CPU.Build.0 = Release|Any CPU
		{CF4129E4-1449-4FEB-ABF2-453C4BEE3C3B}.Debug|Any CPU.ActiveCfg = Debug|Any CPU
		{CF4129E4-1449-4FEB-ABF2-453C4BEE3C3B}.Debug|Any CPU.Build.0 = Debug|Any CPU
		{CF4129E4-1449-4FEB-ABF2-453C4BEE3C3B}.Release|Any CPU.ActiveCfg = Release|Any CPU
		{CF4129E4-1449-4FEB-ABF2-453C4BEE3C3B}.Release|Any CPU.Build.0 = Release|Any CPU
		{3863C156-34D0-4C79-BB2D-EE73B71C4D80}.Debug|Any CPU.ActiveCfg = Debug|Any CPU
		{3863C156-34D0-4C79-BB2D-EE73B71C4D80}.Debug|Any CPU.Build.0 = Debug|Any CPU
		{3863C156-34D0-4C79-BB2D-EE73B71C4D80}.Release|Any CPU.ActiveCfg = Release|Any CPU
		{3863C156-34D0-4C79-BB2D-EE73B71C4D80}.Release|Any CPU.Build.0 = Release|Any CPU
		{0DE5FE42-8CF4-492E-B245-B91EA915965D}.Debug|Any CPU.ActiveCfg = Debug|Any CPU
		{0DE5FE42-8CF4-492E-B245-B91EA915965D}.Debug|Any CPU.Build.0 = Debug|Any CPU
		{0DE5FE42-8CF4-492E-B245-B91EA915965D}.Release|Any CPU.ActiveCfg = Release|Any CPU
		{0DE5FE42-8CF4-492E-B245-B91EA915965D}.Release|Any CPU.Build.0 = Release|Any CPU
		{6E8F1F5E-C3CF-4DEC-97FC-718BDD730814}.Debug|Any CPU.ActiveCfg = Debug|Any CPU
		{6E8F1F5E-C3CF-4DEC-97FC-718BDD730814}.Debug|Any CPU.Build.0 = Debug|Any CPU
		{6E8F1F5E-C3CF-4DEC-97FC-718BDD730814}.Release|Any CPU.ActiveCfg = Release|Any CPU
		{6E8F1F5E-C3CF-4DEC-97FC-718BDD730814}.Release|Any CPU.Build.0 = Release|Any CPU
		{C6498712-3063-43B7-9C7E-21404DD414E6}.Debug|Any CPU.ActiveCfg = Debug|Any CPU
		{C6498712-3063-43B7-9C7E-21404DD414E6}.Debug|Any CPU.Build.0 = Debug|Any CPU
		{C6498712-3063-43B7-9C7E-21404DD414E6}.Release|Any CPU.ActiveCfg = Release|Any CPU
		{C6498712-3063-43B7-9C7E-21404DD414E6}.Release|Any CPU.Build.0 = Release|Any CPU
		{BC6C6D4D-FB39-42B7-9C66-429A1DE115CC}.Debug|Any CPU.ActiveCfg = Debug|Any CPU
		{BC6C6D4D-FB39-42B7-9C66-429A1DE115CC}.Debug|Any CPU.Build.0 = Debug|Any CPU
		{BC6C6D4D-FB39-42B7-9C66-429A1DE115CC}.Release|Any CPU.ActiveCfg = Release|Any CPU
		{BC6C6D4D-FB39-42B7-9C66-429A1DE115CC}.Release|Any CPU.Build.0 = Release|Any CPU
		{DC294C5B-7EF6-4D6C-A34B-C21757DDE0F6}.Debug|Any CPU.ActiveCfg = Debug|Any CPU
		{DC294C5B-7EF6-4D6C-A34B-C21757DDE0F6}.Debug|Any CPU.Build.0 = Debug|Any CPU
		{DC294C5B-7EF6-4D6C-A34B-C21757DDE0F6}.Release|Any CPU.ActiveCfg = Release|Any CPU
		{DC294C5B-7EF6-4D6C-A34B-C21757DDE0F6}.Release|Any CPU.Build.0 = Release|Any CPU
		{F247E22B-0AC8-400D-9386-DE863F525BF0}.Debug|Any CPU.ActiveCfg = Debug|Any CPU
		{F247E22B-0AC8-400D-9386-DE863F525BF0}.Debug|Any CPU.Build.0 = Debug|Any CPU
		{F247E22B-0AC8-400D-9386-DE863F525BF0}.Release|Any CPU.ActiveCfg = Release|Any CPU
		{F247E22B-0AC8-400D-9386-DE863F525BF0}.Release|Any CPU.Build.0 = Release|Any CPU
		{51E89949-712C-41C7-B03A-C8FFAA799CC3}.Debug|Any CPU.ActiveCfg = Debug|Any CPU
		{51E89949-712C-41C7-B03A-C8FFAA799CC3}.Debug|Any CPU.Build.0 = Debug|Any CPU
		{51E89949-712C-41C7-B03A-C8FFAA799CC3}.Release|Any CPU.ActiveCfg = Release|Any CPU
		{51E89949-712C-41C7-B03A-C8FFAA799CC3}.Release|Any CPU.Build.0 = Release|Any CPU
		{BA6D5123-87C4-4CFE-9F08-1E8A0953AEAE}.Debug|Any CPU.ActiveCfg = Debug|Any CPU
		{BA6D5123-87C4-4CFE-9F08-1E8A0953AEAE}.Debug|Any CPU.Build.0 = Debug|Any CPU
		{BA6D5123-87C4-4CFE-9F08-1E8A0953AEAE}.Release|Any CPU.ActiveCfg = Release|Any CPU
		{BA6D5123-87C4-4CFE-9F08-1E8A0953AEAE}.Release|Any CPU.Build.0 = Release|Any CPU
		{05E7C947-41B0-4479-A908-C9A631E041C1}.Debug|Any CPU.ActiveCfg = Debug|Any CPU
		{05E7C947-41B0-4479-A908-C9A631E041C1}.Debug|Any CPU.Build.0 = Debug|Any CPU
		{05E7C947-41B0-4479-A908-C9A631E041C1}.Release|Any CPU.ActiveCfg = Release|Any CPU
		{05E7C947-41B0-4479-A908-C9A631E041C1}.Release|Any CPU.Build.0 = Release|Any CPU
		{21003161-71EF-404B-98F6-7C974AEB7368}.Debug|Any CPU.ActiveCfg = Debug|Any CPU
		{21003161-71EF-404B-98F6-7C974AEB7368}.Debug|Any CPU.Build.0 = Debug|Any CPU
		{21003161-71EF-404B-98F6-7C974AEB7368}.Release|Any CPU.ActiveCfg = Release|Any CPU
		{21003161-71EF-404B-98F6-7C974AEB7368}.Release|Any CPU.Build.0 = Release|Any CPU
		{2339FA82-042D-423C-B9B2-7506523530C9}.Debug|Any CPU.ActiveCfg = Debug|Any CPU
		{2339FA82-042D-423C-B9B2-7506523530C9}.Debug|Any CPU.Build.0 = Debug|Any CPU
		{2339FA82-042D-423C-B9B2-7506523530C9}.Release|Any CPU.ActiveCfg = Release|Any CPU
		{2339FA82-042D-423C-B9B2-7506523530C9}.Release|Any CPU.Build.0 = Release|Any CPU
		{38CACA49-07A4-410D-AC49-2430D6E35431}.Debug|Any CPU.ActiveCfg = Debug|Any CPU
		{38CACA49-07A4-410D-AC49-2430D6E35431}.Debug|Any CPU.Build.0 = Debug|Any CPU
		{38CACA49-07A4-410D-AC49-2430D6E35431}.Release|Any CPU.ActiveCfg = Release|Any CPU
		{38CACA49-07A4-410D-AC49-2430D6E35431}.Release|Any CPU.Build.0 = Release|Any CPU
		{0469272C-69F0-440D-8F3A-9AAE962C30D5}.Debug|Any CPU.ActiveCfg = Debug|Any CPU
		{0469272C-69F0-440D-8F3A-9AAE962C30D5}.Debug|Any CPU.Build.0 = Debug|Any CPU
		{0469272C-69F0-440D-8F3A-9AAE962C30D5}.Release|Any CPU.ActiveCfg = Release|Any CPU
		{0469272C-69F0-440D-8F3A-9AAE962C30D5}.Release|Any CPU.Build.0 = Release|Any CPU
		{2FA7B805-8B48-47D3-A843-AF905423F27B}.Debug|Any CPU.ActiveCfg = Debug|Any CPU
		{2FA7B805-8B48-47D3-A843-AF905423F27B}.Debug|Any CPU.Build.0 = Debug|Any CPU
		{2FA7B805-8B48-47D3-A843-AF905423F27B}.Release|Any CPU.ActiveCfg = Release|Any CPU
		{2FA7B805-8B48-47D3-A843-AF905423F27B}.Release|Any CPU.Build.0 = Release|Any CPU
		{279EF17C-243F-47F0-969F-65DB998A0C4C}.Debug|Any CPU.ActiveCfg = Debug|Any CPU
		{279EF17C-243F-47F0-969F-65DB998A0C4C}.Debug|Any CPU.Build.0 = Debug|Any CPU
		{279EF17C-243F-47F0-969F-65DB998A0C4C}.Release|Any CPU.ActiveCfg = Release|Any CPU
		{279EF17C-243F-47F0-969F-65DB998A0C4C}.Release|Any CPU.Build.0 = Release|Any CPU
		{B1BE7AE6-E150-4E71-BD8A-97DF9559CC4D}.Debug|Any CPU.ActiveCfg = Debug|Any CPU
		{B1BE7AE6-E150-4E71-BD8A-97DF9559CC4D}.Debug|Any CPU.Build.0 = Debug|Any CPU
		{B1BE7AE6-E150-4E71-BD8A-97DF9559CC4D}.Release|Any CPU.ActiveCfg = Release|Any CPU
		{B1BE7AE6-E150-4E71-BD8A-97DF9559CC4D}.Release|Any CPU.Build.0 = Release|Any CPU
		{B982C6A1-FD2A-4A86-82A0-E8CD02CE9EFF}.Debug|Any CPU.ActiveCfg = Debug|Any CPU
		{B982C6A1-FD2A-4A86-82A0-E8CD02CE9EFF}.Debug|Any CPU.Build.0 = Debug|Any CPU
		{B982C6A1-FD2A-4A86-82A0-E8CD02CE9EFF}.Release|Any CPU.ActiveCfg = Release|Any CPU
		{B982C6A1-FD2A-4A86-82A0-E8CD02CE9EFF}.Release|Any CPU.Build.0 = Release|Any CPU
	EndGlobalSection
	GlobalSection(SolutionProperties) = preSolution
		HideSolutionNode = FALSE
	EndGlobalSection
	GlobalSection(NestedProjects) = preSolution
		{21CDFC98-FB51-42D9-AEC0-6C8E25B21DE9} = {485FC7F5-D2A7-40B9-97E9-742D9CDAAE54}
		{C544B375-8C5F-420F-81C8-B1B8E3BB850C} = {485FC7F5-D2A7-40B9-97E9-742D9CDAAE54}
		{CF4129E4-1449-4FEB-ABF2-453C4BEE3C3B} = {5DC5BFEC-479B-4258-8ED9-0E2C093604E9}
		{3863C156-34D0-4C79-BB2D-EE73B71C4D80} = {5DC5BFEC-479B-4258-8ED9-0E2C093604E9}
		{0DE5FE42-8CF4-492E-B245-B91EA915965D} = {5DC5BFEC-479B-4258-8ED9-0E2C093604E9}
		{6E8F1F5E-C3CF-4DEC-97FC-718BDD730814} = {5DC5BFEC-479B-4258-8ED9-0E2C093604E9}
		{C6498712-3063-43B7-9C7E-21404DD414E6} = {61CC9CDF-9769-4591-8DF1-830B3BC681A9}
		{BC6C6D4D-FB39-42B7-9C66-429A1DE115CC} = {61CC9CDF-9769-4591-8DF1-830B3BC681A9}
		{DC294C5B-7EF6-4D6C-A34B-C21757DDE0F6} = {61CC9CDF-9769-4591-8DF1-830B3BC681A9}
		{F247E22B-0AC8-400D-9386-DE863F525BF0} = {61CC9CDF-9769-4591-8DF1-830B3BC681A9}
		{51E89949-712C-41C7-B03A-C8FFAA799CC3} = {61CC9CDF-9769-4591-8DF1-830B3BC681A9}
		{BA6D5123-87C4-4CFE-9F08-1E8A0953AEAE} = {61CC9CDF-9769-4591-8DF1-830B3BC681A9}
		{05E7C947-41B0-4479-A908-C9A631E041C1} = {61CC9CDF-9769-4591-8DF1-830B3BC681A9}
		{21003161-71EF-404B-98F6-7C974AEB7368} = {61CC9CDF-9769-4591-8DF1-830B3BC681A9}
		{2339FA82-042D-423C-B9B2-7506523530C9} = {61CC9CDF-9769-4591-8DF1-830B3BC681A9}
		{38CACA49-07A4-410D-AC49-2430D6E35431} = {61CC9CDF-9769-4591-8DF1-830B3BC681A9}
		{0469272C-69F0-440D-8F3A-9AAE962C30D5} = {36634162-BDC4-40C0-9F2D-3759205A3E74}
		{2FA7B805-8B48-47D3-A843-AF905423F27B} = {36634162-BDC4-40C0-9F2D-3759205A3E74}
		{279EF17C-243F-47F0-969F-65DB998A0C4C} = {36634162-BDC4-40C0-9F2D-3759205A3E74}
		{B1BE7AE6-E150-4E71-BD8A-97DF9559CC4D} = {36634162-BDC4-40C0-9F2D-3759205A3E74}
		{B982C6A1-FD2A-4A86-82A0-E8CD02CE9EFF} = {36634162-BDC4-40C0-9F2D-3759205A3E74}
	EndGlobalSection
	GlobalSection(ExtensibilityGlobals) = postSolution
		SolutionGuid = {144617AA-9898-4F76-95AE-8FBBC87EEC8C}
	EndGlobalSection
EndGlobal
