
Microsoft Visual Studio Solution File, Format Version 12.00
# Visual Studio Version 17
VisualStudioVersion = 17.10.34607.79
MinimumVisualStudioVersion = 10.0.40219.1
Project("{2150E333-8FDC-42A3-9474-1A3956D46DE8}") = "07. Contenido de Encapsulamiento", "07. Contenido de Encapsulamiento", "{5DC5BFEC-479B-4258-8ED9-0E2C093604E9}"
EndProject
Project("{9A19103F-16F7-4668-BE54-9A1E7A4F7556}") = "07.1.01 Library", "07. Contenido de Encapsulamiento\07.1.01 Library\07.1.01 Library.csproj", "{7F75F20F-03D9-402C-A131-1AB1CBAC2683}"
EndProject
Project("{9A19103F-16F7-4668-BE54-9A1E7A4F7556}") = "07.1.01 View", "07. Contenido de Encapsulamiento\07.1.01 View\07.1.01 View.csproj", "{A893051F-D891-4BA0-9D04-DE3CF1A04C7C}"
EndProject
Project("{2150E333-8FDC-42A3-9474-1A3956D46DE8}") = "07. Enum", "07. Enum", "{485FC7F5-D2A7-40B9-97E9-742D9CDAAE54}"
EndProject
Project("{9A19103F-16F7-4668-BE54-9A1E7A4F7556}") = "07.2.01 Library", "07. Enum\07.2.01 Library\07.2.01 Library.csproj", "{21CDFC98-FB51-42D9-AEC0-6C8E25B21DE9}"
EndProject
Project("{9A19103F-16F7-4668-BE54-9A1E7A4F7556}") = "07.2.01 View", "07. Enum\07.2.01 View\07.2.01 View.csproj", "{C544B375-8C5F-420F-81C8-B1B8E3BB850C}"
EndProject
Project("{2150E333-8FDC-42A3-9474-1A3956D46DE8}") = "08. Contenido de Herencia", "08. Contenido de Herencia", "{61CC9CDF-9769-4591-8DF1-830B3BC681A9}"
EndProject
Project("{9A19103F-16F7-4668-BE54-9A1E7A4F7556}") = "Library Example 08.0.01", "08. Contenido de Herencia\Library Example 08.0.01\Library Example 08.0.01.csproj", "{90053572-B6DB-4182-A2F4-9A1D927D69E4}"
EndProject
Project("{9A19103F-16F7-4668-BE54-9A1E7A4F7556}") = "View Example 08.0.01", "08. Contenido de Herencia\View Example 08.0.01\View Example 08.0.01.csproj", "{243703BC-9048-4695-B7CB-9A6621EA4366}"
EndProject
Project("{9A19103F-16F7-4668-BE54-9A1E7A4F7556}") = "08.1.01 Library", "08. Contenido de Herencia\08.1.01 Library\08.1.01 Library.csproj", "{DB42D3CA-3E2C-49BC-B0B7-E5DC8C2A0016}"
EndProject
Project("{9A19103F-16F7-4668-BE54-9A1E7A4F7556}") = "08.1.01 View", "08. Contenido de Herencia\08.1.01 View\08.1.01 View.csproj", "{AF3C1986-1DF7-45DD-876D-44F9D2792E27}"
EndProject
Project("{9A19103F-16F7-4668-BE54-9A1E7A4F7556}") = "08.1.04 Library", "08. Contenido de Herencia\08.1.04 Library\08.1.04 Library.csproj", "{4FA47196-BF39-445B-BBD8-D60F182EFC43}"
EndProject
Project("{9A19103F-16F7-4668-BE54-9A1E7A4F7556}") = "08.1.04 View", "08. Contenido de Herencia\08.1.04 View\08.1.04 View.csproj", "{00BA7D5F-82AF-45B5-9CD7-9B9939895B9C}"
EndProject
Project("{9A19103F-16F7-4668-BE54-9A1E7A4F7556}") = "Library Example 08.0.02", "08. Contenido de Herencia\Library Example 08.0.02\Library Example 08.0.02.csproj", "{4C0018A1-25E1-4DE1-9030-3A551096836A}"
EndProject
Project("{9A19103F-16F7-4668-BE54-9A1E7A4F7556}") = "View Example 08.0.02", "08. Contenido de Herencia\View Example 08.0.02\View Example 08.0.02.csproj", "{77FE3B03-6DE0-4C7B-AB85-8CA868629AD1}"
EndProject
Project("{9A19103F-16F7-4668-BE54-9A1E7A4F7556}") = "Library Ex 07.0.01", "07. Contenido de Encapsulamiento\Library Ex 07.0.01\Library Ex 07.0.01.csproj", "{40B81B62-C4AC-4CCC-9F88-CEDF75ADFBA1}"
EndProject
Project("{9A19103F-16F7-4668-BE54-9A1E7A4F7556}") = "View Example 07.0.01", "07. Contenido de Encapsulamiento\View Example 07.0.01\View Example 07.0.01.csproj", "{DB370B2F-EBA1-45F5-A3A2-6EFE9EA35887}"
EndProject
Project("{2150E333-8FDC-42A3-9474-1A3956D46DE8}") = "09. Polimorfismo Basado en Herencia", "09. Polimorfismo Basado en Herencia", "{36634162-BDC4-40C0-9F2D-3759205A3E74}"
EndProject
Project("{9A19103F-16F7-4668-BE54-9A1E7A4F7556}") = "Console Example 09.0.01", "09. Polimorfismo\Console Example 09.0.01\Console Example 09.0.01.csproj", "{5C6C04D9-4683-4B66-8844-87634764E49B}"
EndProject
Project("{9A19103F-16F7-4668-BE54-9A1E7A4F7556}") = "Console Example 09.0.02", "09. Polimorfismo\Console Example 09.0.02\Console Example 09.0.02.csproj", "{6D9CEAC0-D0E7-4A25-8E4E-3FB1DAAFD815}"
EndProject
Project("{FAE04EC0-301F-11D3-BF4B-00C04F79EFBC}") = "09.1.01 View", "09. Polimorfismo\09.1.01 View\09.1.01 View.csproj", "{5E1B43AF-CAA0-4705-98B6-F0E108012102}"
EndProject
Global
	GlobalSection(SolutionConfigurationPlatforms) = preSolution
		Debug|Any CPU = Debug|Any CPU
		Release|Any CPU = Release|Any CPU
	EndGlobalSection
	GlobalSection(ProjectConfigurationPlatforms) = postSolution
		{7F75F20F-03D9-402C-A131-1AB1CBAC2683}.Debug|Any CPU.ActiveCfg = Debug|Any CPU
		{7F75F20F-03D9-402C-A131-1AB1CBAC2683}.Debug|Any CPU.Build.0 = Debug|Any CPU
		{7F75F20F-03D9-402C-A131-1AB1CBAC2683}.Release|Any CPU.ActiveCfg = Release|Any CPU
		{7F75F20F-03D9-402C-A131-1AB1CBAC2683}.Release|Any CPU.Build.0 = Release|Any CPU
		{A893051F-D891-4BA0-9D04-DE3CF1A04C7C}.Debug|Any CPU.ActiveCfg = Debug|Any CPU
		{A893051F-D891-4BA0-9D04-DE3CF1A04C7C}.Debug|Any CPU.Build.0 = Debug|Any CPU
		{A893051F-D891-4BA0-9D04-DE3CF1A04C7C}.Release|Any CPU.ActiveCfg = Release|Any CPU
		{A893051F-D891-4BA0-9D04-DE3CF1A04C7C}.Release|Any CPU.Build.0 = Release|Any CPU
		{21CDFC98-FB51-42D9-AEC0-6C8E25B21DE9}.Debug|Any CPU.ActiveCfg = Debug|Any CPU
		{21CDFC98-FB51-42D9-AEC0-6C8E25B21DE9}.Debug|Any CPU.Build.0 = Debug|Any CPU
		{21CDFC98-FB51-42D9-AEC0-6C8E25B21DE9}.Release|Any CPU.ActiveCfg = Release|Any CPU
		{21CDFC98-FB51-42D9-AEC0-6C8E25B21DE9}.Release|Any CPU.Build.0 = Release|Any CPU
		{C544B375-8C5F-420F-81C8-B1B8E3BB850C}.Debug|Any CPU.ActiveCfg = Debug|Any CPU
		{C544B375-8C5F-420F-81C8-B1B8E3BB850C}.Debug|Any CPU.Build.0 = Debug|Any CPU
		{C544B375-8C5F-420F-81C8-B1B8E3BB850C}.Release|Any CPU.ActiveCfg = Release|Any CPU
		{C544B375-8C5F-420F-81C8-B1B8E3BB850C}.Release|Any CPU.Build.0 = Release|Any CPU
		{90053572-B6DB-4182-A2F4-9A1D927D69E4}.Debug|Any CPU.ActiveCfg = Debug|Any CPU
		{90053572-B6DB-4182-A2F4-9A1D927D69E4}.Debug|Any CPU.Build.0 = Debug|Any CPU
		{90053572-B6DB-4182-A2F4-9A1D927D69E4}.Release|Any CPU.ActiveCfg = Release|Any CPU
		{90053572-B6DB-4182-A2F4-9A1D927D69E4}.Release|Any CPU.Build.0 = Release|Any CPU
		{243703BC-9048-4695-B7CB-9A6621EA4366}.Debug|Any CPU.ActiveCfg = Debug|Any CPU
		{243703BC-9048-4695-B7CB-9A6621EA4366}.Debug|Any CPU.Build.0 = Debug|Any CPU
		{243703BC-9048-4695-B7CB-9A6621EA4366}.Release|Any CPU.ActiveCfg = Release|Any CPU
		{243703BC-9048-4695-B7CB-9A6621EA4366}.Release|Any CPU.Build.0 = Release|Any CPU
		{DB42D3CA-3E2C-49BC-B0B7-E5DC8C2A0016}.Debug|Any CPU.ActiveCfg = Debug|Any CPU
		{DB42D3CA-3E2C-49BC-B0B7-E5DC8C2A0016}.Debug|Any CPU.Build.0 = Debug|Any CPU
		{DB42D3CA-3E2C-49BC-B0B7-E5DC8C2A0016}.Release|Any CPU.ActiveCfg = Release|Any CPU
		{DB42D3CA-3E2C-49BC-B0B7-E5DC8C2A0016}.Release|Any CPU.Build.0 = Release|Any CPU
		{AF3C1986-1DF7-45DD-876D-44F9D2792E27}.Debug|Any CPU.ActiveCfg = Debug|Any CPU
		{AF3C1986-1DF7-45DD-876D-44F9D2792E27}.Debug|Any CPU.Build.0 = Debug|Any CPU
		{AF3C1986-1DF7-45DD-876D-44F9D2792E27}.Release|Any CPU.ActiveCfg = Release|Any CPU
		{AF3C1986-1DF7-45DD-876D-44F9D2792E27}.Release|Any CPU.Build.0 = Release|Any CPU
		{4FA47196-BF39-445B-BBD8-D60F182EFC43}.Debug|Any CPU.ActiveCfg = Debug|Any CPU
		{4FA47196-BF39-445B-BBD8-D60F182EFC43}.Debug|Any CPU.Build.0 = Debug|Any CPU
		{4FA47196-BF39-445B-BBD8-D60F182EFC43}.Release|Any CPU.ActiveCfg = Release|Any CPU
		{4FA47196-BF39-445B-BBD8-D60F182EFC43}.Release|Any CPU.Build.0 = Release|Any CPU
		{00BA7D5F-82AF-45B5-9CD7-9B9939895B9C}.Debug|Any CPU.ActiveCfg = Debug|Any CPU
		{00BA7D5F-82AF-45B5-9CD7-9B9939895B9C}.Debug|Any CPU.Build.0 = Debug|Any CPU
		{00BA7D5F-82AF-45B5-9CD7-9B9939895B9C}.Release|Any CPU.ActiveCfg = Release|Any CPU
		{00BA7D5F-82AF-45B5-9CD7-9B9939895B9C}.Release|Any CPU.Build.0 = Release|Any CPU
		{4C0018A1-25E1-4DE1-9030-3A551096836A}.Debug|Any CPU.ActiveCfg = Debug|Any CPU
		{4C0018A1-25E1-4DE1-9030-3A551096836A}.Debug|Any CPU.Build.0 = Debug|Any CPU
		{4C0018A1-25E1-4DE1-9030-3A551096836A}.Release|Any CPU.ActiveCfg = Release|Any CPU
		{4C0018A1-25E1-4DE1-9030-3A551096836A}.Release|Any CPU.Build.0 = Release|Any CPU
		{77FE3B03-6DE0-4C7B-AB85-8CA868629AD1}.Debug|Any CPU.ActiveCfg = Debug|Any CPU
		{77FE3B03-6DE0-4C7B-AB85-8CA868629AD1}.Debug|Any CPU.Build.0 = Debug|Any CPU
		{77FE3B03-6DE0-4C7B-AB85-8CA868629AD1}.Release|Any CPU.ActiveCfg = Release|Any CPU
		{77FE3B03-6DE0-4C7B-AB85-8CA868629AD1}.Release|Any CPU.Build.0 = Release|Any CPU
		{40B81B62-C4AC-4CCC-9F88-CEDF75ADFBA1}.Debug|Any CPU.ActiveCfg = Debug|Any CPU
		{40B81B62-C4AC-4CCC-9F88-CEDF75ADFBA1}.Debug|Any CPU.Build.0 = Debug|Any CPU
		{40B81B62-C4AC-4CCC-9F88-CEDF75ADFBA1}.Release|Any CPU.ActiveCfg = Release|Any CPU
		{40B81B62-C4AC-4CCC-9F88-CEDF75ADFBA1}.Release|Any CPU.Build.0 = Release|Any CPU
		{DB370B2F-EBA1-45F5-A3A2-6EFE9EA35887}.Debug|Any CPU.ActiveCfg = Debug|Any CPU
		{DB370B2F-EBA1-45F5-A3A2-6EFE9EA35887}.Debug|Any CPU.Build.0 = Debug|Any CPU
		{DB370B2F-EBA1-45F5-A3A2-6EFE9EA35887}.Release|Any CPU.ActiveCfg = Release|Any CPU
		{DB370B2F-EBA1-45F5-A3A2-6EFE9EA35887}.Release|Any CPU.Build.0 = Release|Any CPU
		{5C6C04D9-4683-4B66-8844-87634764E49B}.Debug|Any CPU.ActiveCfg = Debug|Any CPU
		{5C6C04D9-4683-4B66-8844-87634764E49B}.Debug|Any CPU.Build.0 = Debug|Any CPU
		{5C6C04D9-4683-4B66-8844-87634764E49B}.Release|Any CPU.ActiveCfg = Release|Any CPU
		{5C6C04D9-4683-4B66-8844-87634764E49B}.Release|Any CPU.Build.0 = Release|Any CPU
		{6D9CEAC0-D0E7-4A25-8E4E-3FB1DAAFD815}.Debug|Any CPU.ActiveCfg = Debug|Any CPU
		{6D9CEAC0-D0E7-4A25-8E4E-3FB1DAAFD815}.Debug|Any CPU.Build.0 = Debug|Any CPU
		{6D9CEAC0-D0E7-4A25-8E4E-3FB1DAAFD815}.Release|Any CPU.ActiveCfg = Release|Any CPU
		{6D9CEAC0-D0E7-4A25-8E4E-3FB1DAAFD815}.Release|Any CPU.Build.0 = Release|Any CPU
		{5E1B43AF-CAA0-4705-98B6-F0E108012102}.Debug|Any CPU.ActiveCfg = Debug|Any CPU
		{5E1B43AF-CAA0-4705-98B6-F0E108012102}.Debug|Any CPU.Build.0 = Debug|Any CPU
		{5E1B43AF-CAA0-4705-98B6-F0E108012102}.Release|Any CPU.ActiveCfg = Release|Any CPU
		{5E1B43AF-CAA0-4705-98B6-F0E108012102}.Release|Any CPU.Build.0 = Release|Any CPU
	EndGlobalSection
	GlobalSection(SolutionProperties) = preSolution
		HideSolutionNode = FALSE
	EndGlobalSection
	GlobalSection(NestedProjects) = preSolution
		{7F75F20F-03D9-402C-A131-1AB1CBAC2683} = {5DC5BFEC-479B-4258-8ED9-0E2C093604E9}
		{A893051F-D891-4BA0-9D04-DE3CF1A04C7C} = {5DC5BFEC-479B-4258-8ED9-0E2C093604E9}
		{21CDFC98-FB51-42D9-AEC0-6C8E25B21DE9} = {485FC7F5-D2A7-40B9-97E9-742D9CDAAE54}
		{C544B375-8C5F-420F-81C8-B1B8E3BB850C} = {485FC7F5-D2A7-40B9-97E9-742D9CDAAE54}
		{90053572-B6DB-4182-A2F4-9A1D927D69E4} = {61CC9CDF-9769-4591-8DF1-830B3BC681A9}
		{243703BC-9048-4695-B7CB-9A6621EA4366} = {61CC9CDF-9769-4591-8DF1-830B3BC681A9}
		{DB42D3CA-3E2C-49BC-B0B7-E5DC8C2A0016} = {61CC9CDF-9769-4591-8DF1-830B3BC681A9}
		{AF3C1986-1DF7-45DD-876D-44F9D2792E27} = {61CC9CDF-9769-4591-8DF1-830B3BC681A9}
		{4FA47196-BF39-445B-BBD8-D60F182EFC43} = {61CC9CDF-9769-4591-8DF1-830B3BC681A9}
		{00BA7D5F-82AF-45B5-9CD7-9B9939895B9C} = {61CC9CDF-9769-4591-8DF1-830B3BC681A9}
		{4C0018A1-25E1-4DE1-9030-3A551096836A} = {61CC9CDF-9769-4591-8DF1-830B3BC681A9}
		{77FE3B03-6DE0-4C7B-AB85-8CA868629AD1} = {61CC9CDF-9769-4591-8DF1-830B3BC681A9}
		{40B81B62-C4AC-4CCC-9F88-CEDF75ADFBA1} = {5DC5BFEC-479B-4258-8ED9-0E2C093604E9}
		{DB370B2F-EBA1-45F5-A3A2-6EFE9EA35887} = {5DC5BFEC-479B-4258-8ED9-0E2C093604E9}
		{5C6C04D9-4683-4B66-8844-87634764E49B} = {36634162-BDC4-40C0-9F2D-3759205A3E74}
		{6D9CEAC0-D0E7-4A25-8E4E-3FB1DAAFD815} = {36634162-BDC4-40C0-9F2D-3759205A3E74}
		{5E1B43AF-CAA0-4705-98B6-F0E108012102} = {36634162-BDC4-40C0-9F2D-3759205A3E74}
	EndGlobalSection
	GlobalSection(ExtensibilityGlobals) = postSolution
		SolutionGuid = {144617AA-9898-4F76-95AE-8FBBC87EEC8C}
	EndGlobalSection
EndGlobal
